
Microsoft Visual Studio Solution File, Format Version 12.00
# Visual Studio Version 17
VisualStudioVersion = 17.4.33122.133
MinimumVisualStudioVersion = 10.0.40219.1
Project("{D2ABAB84-BF74-430A-B69E-9DC6D40DDA17}") = "DATH_BI_OLAP", "DATH_BI_OLAP\DATH_BI_OLAP.dwproj", "{5FB78928-AC41-479C-BC91-FC89A236AA8C}"
EndProject
Global
	GlobalSection(SolutionConfigurationPlatforms) = preSolution
		Development|Default = Development|Default
	EndGlobalSection
	GlobalSection(ProjectConfigurationPlatforms) = postSolution
		{5FB78928-AC41-479C-BC91-FC89A236AA8C}.Development|Default.ActiveCfg = Development
		{5FB78928-AC41-479C-BC91-FC89A236AA8C}.Development|Default.Build.0 = Development
		{5FB78928-AC41-479C-BC91-FC89A236AA8C}.Development|Default.Deploy.0 = Development
	EndGlobalSection
	GlobalSection(SolutionProperties) = preSolution
		HideSolutionNode = FALSE
	EndGlobalSection
	GlobalSection(ExtensibilityGlobals) = postSolution
		SolutionGuid = {CBF5D93D-5DDC-41A2-9724-CB0780F59078}
	EndGlobalSection
EndGlobal
